
Microsoft Visual Studio Solution File, Format Version 12.00
# Visual Studio Version 17
VisualStudioVersion = 17.5.002.0
MinimumVisualStudioVersion = 10.0.40219.1
Project("{9A19103F-16F7-4668-BE54-9A1E7A4F7556}") = "Turn_Based_Battle", "Turn_Based_Battle.csproj", "{C8266741-74AC-4AEF-89EB-EB970F1FAE8F}"
EndProject
Global
	GlobalSection(SolutionConfigurationPlatforms) = preSolution
		Debug|Any CPU = Debug|Any CPU
		Release|Any CPU = Release|Any CPU
	EndGlobalSection
	GlobalSection(ProjectConfigurationPlatforms) = postSolution
		{C8266741-74AC-4AEF-89EB-EB970F1FAE8F}.Debug|Any CPU.ActiveCfg = Debug|Any CPU
		{C8266741-74AC-4AEF-89EB-EB970F1FAE8F}.Debug|Any CPU.Build.0 = Debug|Any CPU
		{C8266741-74AC-4AEF-89EB-EB970F1FAE8F}.Release|Any CPU.ActiveCfg = Release|Any CPU
		{C8266741-74AC-4AEF-89EB-EB970F1FAE8F}.Release|Any CPU.Build.0 = Release|Any CPU
	EndGlobalSection
	GlobalSection(SolutionProperties) = preSolution
		HideSolutionNode = FALSE
	EndGlobalSection
	GlobalSection(ExtensibilityGlobals) = postSolution
		SolutionGuid = {90A74B63-8E98-4B59-9E8A-6316CA5CD316}
	EndGlobalSection
EndGlobal
